// !$*UTF8*$!
{
	archiveVersion = 1;
	classes = {
	};
	objectVersion = 46;
	objects = {

/* Begin PBXBuildFile section */
		8DF6FE161EAFEBBB0007C9A8 /* AppDelegate.swift in Sources */ = {isa = PBXBuildFile; fileRef = 8DF6FE151EAFEBBB0007C9A8 /* AppDelegate.swift */; };
		8DF6FE181EAFEBBB0007C9A8 /* ViewController.swift in Sources */ = {isa = PBXBuildFile; fileRef = 8DF6FE171EAFEBBB0007C9A8 /* ViewController.swift */; };
		8DF6FE1B1EAFEBBB0007C9A8 /* Main.storyboard in Resources */ = {isa = PBXBuildFile; fileRef = 8DF6FE191EAFEBBB0007C9A8 /* Main.storyboard */; };
		8DF6FE1D1EAFEBBB0007C9A8 /* Assets.xcassets in Resources */ = {isa = PBXBuildFile; fileRef = 8DF6FE1C1EAFEBBB0007C9A8 /* Assets.xcassets */; };
		8DF6FE201EAFEBBB0007C9A8 /* LaunchScreen.storyboard in Resources */ = {isa = PBXBuildFile; fileRef = 8DF6FE1E1EAFEBBB0007C9A8 /* LaunchScreen.storyboard */; };
		8DF6FE2B1EAFEBBB0007C9A8 /* SampleAddTests.swift in Sources */ = {isa = PBXBuildFile; fileRef = 8DF6FE2A1EAFEBBB0007C9A8 /* SampleAddTests.swift */; };
		8DF6FE361EAFEBBB0007C9A8 /* SampleAddUITests.swift in Sources */ = {isa = PBXBuildFile; fileRef = 8DF6FE351EAFEBBB0007C9A8 /* SampleAddUITests.swift */; };
/* End PBXBuildFile section */

/* Begin PBXContainerItemProxy section */
		8DF6FE271EAFEBBB0007C9A8 /* PBXContainerItemProxy */ = {
			isa = PBXContainerItemProxy;
			containerPortal = 8DF6FE0A1EAFEBBB0007C9A8 /* Project object */;
			proxyType = 1;
			remoteGlobalIDString = 8DF6FE111EAFEBBB0007C9A8;
			remoteInfo = SampleAdd;
		};
		8DF6FE321EAFEBBB0007C9A8 /* PBXContainerItemProxy */ = {
			isa = PBXContainerItemProxy;
			containerPortal = 8DF6FE0A1EAFEBBB0007C9A8 /* Project object */;
			proxyType = 1;
			remoteGlobalIDString = 8DF6FE111EAFEBBB0007C9A8;
			remoteInfo = SampleAdd;
		};
/* End PBXContainerItemProxy section */

/* Begin PBXFileReference section */
		8DF6FE121EAFEBBB0007C9A8 /* SampleAdd.app */ = {isa = PBXFileReference; explicitFileType = wrapper.application; includeInIndex = 0; path = SampleAdd.app; sourceTree = BUILT_PRODUCTS_DIR; };
		8DF6FE151EAFEBBB0007C9A8 /* AppDelegate.swift */ = {isa = PBXFileReference; lastKnownFileType = sourcecode.swift; path = AppDelegate.swift; sourceTree = "<group>"; };
		8DF6FE171EAFEBBB0007C9A8 /* ViewController.swift */ = {isa = PBXFileReference; lastKnownFileType = sourcecode.swift; path = ViewController.swift; sourceTree = "<group>"; };
		8DF6FE1A1EAFEBBB0007C9A8 /* Base */ = {isa = PBXFileReference; lastKnownFileType = file.storyboard; name = Base; path = Base.lproj/Main.storyboard; sourceTree = "<group>"; };
		8DF6FE1C1EAFEBBB0007C9A8 /* Assets.xcassets */ = {isa = PBXFileReference; lastKnownFileType = folder.assetcatalog; path = Assets.xcassets; sourceTree = "<group>"; };
		8DF6FE1F1EAFEBBB0007C9A8 /* Base */ = {isa = PBXFileReference; lastKnownFileType = file.storyboard; name = Base; path = Base.lproj/LaunchScreen.storyboard; sourceTree = "<group>"; };
		8DF6FE211EAFEBBB0007C9A8 /* Info.plist */ = {isa = PBXFileReference; lastKnownFileType = text.plist.xml; path = Info.plist; sourceTree = "<group>"; };
		8DF6FE261EAFEBBB0007C9A8 /* SampleAddTests.xctest */ = {isa = PBXFileReference; explicitFileType = wrapper.cfbundle; includeInIndex = 0; path = SampleAddTests.xctest; sourceTree = BUILT_PRODUCTS_DIR; };
		8DF6FE2A1EAFEBBB0007C9A8 /* SampleAddTests.swift */ = {isa = PBXFileReference; lastKnownFileType = sourcecode.swift; path = SampleAddTests.swift; sourceTree = "<group>"; };
		8DF6FE2C1EAFEBBB0007C9A8 /* Info.plist */ = {isa = PBXFileReference; lastKnownFileType = text.plist.xml; path = Info.plist; sourceTree = "<group>"; };
		8DF6FE311EAFEBBB0007C9A8 /* SampleAddUITests.xctest */ = {isa = PBXFileReference; explicitFileType = wrapper.cfbundle; includeInIndex = 0; path = SampleAddUITests.xctest; sourceTree = BUILT_PRODUCTS_DIR; };
		8DF6FE351EAFEBBB0007C9A8 /* SampleAddUITests.swift */ = {isa = PBXFileReference; lastKnownFileType = sourcecode.swift; path = SampleAddUITests.swift; sourceTree = "<group>"; };
		8DF6FE371EAFEBBB0007C9A8 /* Info.plist */ = {isa = PBXFileReference; lastKnownFileType = text.plist.xml; path = Info.plist; sourceTree = "<group>"; };
/* End PBXFileReference section */

/* Begin PBXFrameworksBuildPhase section */
		8DF6FE0F1EAFEBBB0007C9A8 /* Frameworks */ = {
			isa = PBXFrameworksBuildPhase;
			buildActionMask = 2147483647;
			files = (
			);
			runOnlyForDeploymentPostprocessing = 0;
		};
		8DF6FE231EAFEBBB0007C9A8 /* Frameworks */ = {
			isa = PBXFrameworksBuildPhase;
			buildActionMask = 2147483647;
			files = (
			);
			runOnlyForDeploymentPostprocessing = 0;
		};
		8DF6FE2E1EAFEBBB0007C9A8 /* Frameworks */ = {
			isa = PBXFrameworksBuildPhase;
			buildActionMask = 2147483647;
			files = (
			);
			runOnlyForDeploymentPostprocessing = 0;
		};
/* End PBXFrameworksBuildPhase section */

/* Begin PBXGroup section */
		8DF6FE091EAFEBBB0007C9A8 = {
			isa = PBXGroup;
			children = (
				8DF6FE141EAFEBBB0007C9A8 /* SampleAdd */,
				8DF6FE291EAFEBBB0007C9A8 /* SampleAddTests */,
				8DF6FE341EAFEBBB0007C9A8 /* SampleAddUITests */,
				8DF6FE131EAFEBBB0007C9A8 /* Products */,
			);
			sourceTree = "<group>";
		};
		8DF6FE131EAFEBBB0007C9A8 /* Products */ = {
			isa = PBXGroup;
			children = (
				8DF6FE121EAFEBBB0007C9A8 /* SampleAdd.app */,
				8DF6FE261EAFEBBB0007C9A8 /* SampleAddTests.xctest */,
				8DF6FE311EAFEBBB0007C9A8 /* SampleAddUITests.xctest */,
			);
			name = Products;
			sourceTree = "<group>";
		};
		8DF6FE141EAFEBBB0007C9A8 /* SampleAdd */ = {
			isa = PBXGroup;
			children = (
				8DF6FE151EAFEBBB0007C9A8 /* AppDelegate.swift */,
				8DF6FE171EAFEBBB0007C9A8 /* ViewController.swift */,
				8DF6FE191EAFEBBB0007C9A8 /* Main.storyboard */,
				8DF6FE1C1EAFEBBB0007C9A8 /* Assets.xcassets */,
				8DF6FE1E1EAFEBBB0007C9A8 /* LaunchScreen.storyboard */,
				8DF6FE211EAFEBBB0007C9A8 /* Info.plist */,
			);
			path = SampleAdd;
			sourceTree = "<group>";
		};
		8DF6FE291EAFEBBB0007C9A8 /* SampleAddTests */ = {
			isa = PBXGroup;
			children = (
				8DF6FE2A1EAFEBBB0007C9A8 /* SampleAddTests.swift */,
				8DF6FE2C1EAFEBBB0007C9A8 /* Info.plist */,
			);
			path = SampleAddTests;
			sourceTree = "<group>";
		};
		8DF6FE341EAFEBBB0007C9A8 /* SampleAddUITests */ = {
			isa = PBXGroup;
			children = (
				8DF6FE351EAFEBBB0007C9A8 /* SampleAddUITests.swift */,
				8DF6FE371EAFEBBB0007C9A8 /* Info.plist */,
			);
			path = SampleAddUITests;
			sourceTree = "<group>";
		};
/* End PBXGroup section */

/* Begin PBXNativeTarget section */
		8DF6FE111EAFEBBB0007C9A8 /* SampleAdd */ = {
			isa = PBXNativeTarget;
			buildConfigurationList = 8DF6FE3A1EAFEBBB0007C9A8 /* Build configuration list for PBXNativeTarget "SampleAdd" */;
			buildPhases = (
				8DF6FE0E1EAFEBBB0007C9A8 /* Sources */,
				8DF6FE0F1EAFEBBB0007C9A8 /* Frameworks */,
				8DF6FE101EAFEBBB0007C9A8 /* Resources */,
			);
			buildRules = (
			);
			dependencies = (
			);
			name = SampleAdd;
			productName = SampleAdd;
			productReference = 8DF6FE121EAFEBBB0007C9A8 /* SampleAdd.app */;
			productType = "com.apple.product-type.application";
		};
		8DF6FE251EAFEBBB0007C9A8 /* SampleAddTests */ = {
			isa = PBXNativeTarget;
			buildConfigurationList = 8DF6FE3D1EAFEBBB0007C9A8 /* Build configuration list for PBXNativeTarget "SampleAddTests" */;
			buildPhases = (
				8DF6FE221EAFEBBB0007C9A8 /* Sources */,
				8DF6FE231EAFEBBB0007C9A8 /* Frameworks */,
				8DF6FE241EAFEBBB0007C9A8 /* Resources */,
			);
			buildRules = (
			);
			dependencies = (
				8DF6FE281EAFEBBB0007C9A8 /* PBXTargetDependency */,
			);
			name = SampleAddTests;
			productName = SampleAddTests;
			productReference = 8DF6FE261EAFEBBB0007C9A8 /* SampleAddTests.xctest */;
			productType = "com.apple.product-type.bundle.unit-test";
		};
		8DF6FE301EAFEBBB0007C9A8 /* SampleAddUITests */ = {
			isa = PBXNativeTarget;
			buildConfigurationList = 8DF6FE401EAFEBBB0007C9A8 /* Build configuration list for PBXNativeTarget "SampleAddUITests" */;
			buildPhases = (
				8DF6FE2D1EAFEBBB0007C9A8 /* Sources */,
				8DF6FE2E1EAFEBBB0007C9A8 /* Frameworks */,
				8DF6FE2F1EAFEBBB0007C9A8 /* Resources */,
			);
			buildRules = (
			);
			dependencies = (
				8DF6FE331EAFEBBB0007C9A8 /* PBXTargetDependency */,
			);
			name = SampleAddUITests;
			productName = SampleAddUITests;
			productReference = 8DF6FE311EAFEBBB0007C9A8 /* SampleAddUITests.xctest */;
			productType = "com.apple.product-type.bundle.ui-testing";
		};
/* End PBXNativeTarget section */

/* Begin PBXProject section */
		8DF6FE0A1EAFEBBB0007C9A8 /* Project object */ = {
			isa = PBXProject;
			attributes = {
				LastSwiftUpdateCheck = 0830;
				LastUpgradeCheck = 0830;
				ORGANIZATIONNAME = ExectiveOS;
				TargetAttributes = {
					8DF6FE111EAFEBBB0007C9A8 = {
						CreatedOnToolsVersion = 8.3;
						ProvisioningStyle = Automatic;
					};
					8DF6FE251EAFEBBB0007C9A8 = {
						CreatedOnToolsVersion = 8.3;
						ProvisioningStyle = Automatic;
						TestTargetID = 8DF6FE111EAFEBBB0007C9A8;
					};
					8DF6FE301EAFEBBB0007C9A8 = {
						CreatedOnToolsVersion = 8.3;
						ProvisioningStyle = Automatic;
						TestTargetID = 8DF6FE111EAFEBBB0007C9A8;
					};
				};
			};
			buildConfigurationList = 8DF6FE0D1EAFEBBB0007C9A8 /* Build configuration list for PBXProject "SampleAdd" */;
			compatibilityVersion = "Xcode 3.2";
			developmentRegion = English;
			hasScannedForEncodings = 0;
			knownRegions = (
				en,
				Base,
			);
			mainGroup = 8DF6FE091EAFEBBB0007C9A8;
			productRefGroup = 8DF6FE131EAFEBBB0007C9A8 /* Products */;
			projectDirPath = "";
			projectRoot = "";
			targets = (
				8DF6FE111EAFEBBB0007C9A8 /* SampleAdd */,
				8DF6FE251EAFEBBB0007C9A8 /* SampleAddTests */,
				8DF6FE301EAFEBBB0007C9A8 /* SampleAddUITests */,
			);
		};
/* End PBXProject section */

/* Begin PBXResourcesBuildPhase section */
		8DF6FE101EAFEBBB0007C9A8 /* Resources */ = {
			isa = PBXResourcesBuildPhase;
			buildActionMask = 2147483647;
			files = (
				8DF6FE201EAFEBBB0007C9A8 /* LaunchScreen.storyboard in Resources */,
				8DF6FE1D1EAFEBBB0007C9A8 /* Assets.xcassets in Resources */,
				8DF6FE1B1EAFEBBB0007C9A8 /* Main.storyboard in Resources */,
			);
			runOnlyForDeploymentPostprocessing = 0;
		};
		8DF6FE241EAFEBBB0007C9A8 /* Resources */ = {
			isa = PBXResourcesBuildPhase;
			buildActionMask = 2147483647;
			files = (
			);
			runOnlyForDeploymentPostprocessing = 0;
		};
		8DF6FE2F1EAFEBBB0007C9A8 /* Resources */ = {
			isa = PBXResourcesBuildPhase;
			buildActionMask = 2147483647;
			files = (
			);
			runOnlyForDeploymentPostprocessing = 0;
		};
/* End PBXResourcesBuildPhase section */

/* Begin PBXSourcesBuildPhase section */
		8DF6FE0E1EAFEBBB0007C9A8 /* Sources */ = {
			isa = PBXSourcesBuildPhase;
			buildActionMask = 2147483647;
			files = (
				8DF6FE181EAFEBBB0007C9A8 /* ViewController.swift in Sources */,
				8DF6FE161EAFEBBB0007C9A8 /* AppDelegate.swift in Sources */,
			);
			runOnlyForDeploymentPostprocessing = 0;
		};
		8DF6FE221EAFEBBB0007C9A8 /* Sources */ = {
			isa = PBXSourcesBuildPhase;
			buildActionMask = 2147483647;
			files = (
				8DF6FE2B1EAFEBBB0007C9A8 /* SampleAddTests.swift in Sources */,
			);
			runOnlyForDeploymentPostprocessing = 0;
		};
		8DF6FE2D1EAFEBBB0007C9A8 /* Sources */ = {
			isa = PBXSourcesBuildPhase;
			buildActionMask = 2147483647;
			files = (
				8DF6FE361EAFEBBB0007C9A8 /* SampleAddUITests.swift in Sources */,
			);
			runOnlyForDeploymentPostprocessing = 0;
		};
/* End PBXSourcesBuildPhase section */

/* Begin PBXTargetDependency section */
		8DF6FE281EAFEBBB0007C9A8 /* PBXTargetDependency */ = {
			isa = PBXTargetDependency;
			target = 8DF6FE111EAFEBBB0007C9A8 /* SampleAdd */;
			targetProxy = 8DF6FE271EAFEBBB0007C9A8 /* PBXContainerItemProxy */;
		};
		8DF6FE331EAFEBBB0007C9A8 /* PBXTargetDependency */ = {
			isa = PBXTargetDependency;
			target = 8DF6FE111EAFEBBB0007C9A8 /* SampleAdd */;
			targetProxy = 8DF6FE321EAFEBBB0007C9A8 /* PBXContainerItemProxy */;
		};
/* End PBXTargetDependency section */

/* Begin PBXVariantGroup section */
		8DF6FE191EAFEBBB0007C9A8 /* Main.storyboard */ = {
			isa = PBXVariantGroup;
			children = (
				8DF6FE1A1EAFEBBB0007C9A8 /* Base */,
			);
			name = Main.storyboard;
			sourceTree = "<group>";
		};
		8DF6FE1E1EAFEBBB0007C9A8 /* LaunchScreen.storyboard */ = {
			isa = PBXVariantGroup;
			children = (
				8DF6FE1F1EAFEBBB0007C9A8 /* Base */,
			);
			name = LaunchScreen.storyboard;
			sourceTree = "<group>";
		};
/* End PBXVariantGroup section */

/* Begin XCBuildConfiguration section */
		8DF6FE381EAFEBBB0007C9A8 /* Debug */ = {
			isa = XCBuildConfiguration;
			buildSettings = {
				ALWAYS_SEARCH_USER_PATHS = NO;
				CLANG_ANALYZER_NONNULL = YES;
				CLANG_ANALYZER_NUMBER_OBJECT_CONVERSION = YES_AGGRESSIVE;
				CLANG_CXX_LANGUAGE_STANDARD = "gnu++0x";
				CLANG_CXX_LIBRARY = "libc++";
				CLANG_ENABLE_MODULES = YES;
				CLANG_ENABLE_OBJC_ARC = YES;
				CLANG_WARN_BOOL_CONVERSION = YES;
				CLANG_WARN_CONSTANT_CONVERSION = YES;
				CLANG_WARN_DIRECT_OBJC_ISA_USAGE = YES_ERROR;
				CLANG_WARN_DOCUMENTATION_COMMENTS = YES;
				CLANG_WARN_EMPTY_BODY = YES;
				CLANG_WARN_ENUM_CONVERSION = YES;
				CLANG_WARN_INFINITE_RECURSION = YES;
				CLANG_WARN_INT_CONVERSION = YES;
				CLANG_WARN_OBJC_ROOT_CLASS = YES_ERROR;
				CLANG_WARN_SUSPICIOUS_MOVE = YES;
				CLANG_WARN_UNREACHABLE_CODE = YES;
				CLANG_WARN__DUPLICATE_METHOD_MATCH = YES;
				"CODE_SIGN_IDENTITY[sdk=iphoneos*]" = "iPhone Developer";
				COPY_PHASE_STRIP = NO;
				DEBUG_INFORMATION_FORMAT = dwarf;
				ENABLE_STRICT_OBJC_MSGSEND = YES;
				ENABLE_TESTABILITY = YES;
				GCC_C_LANGUAGE_STANDARD = gnu99;
				GCC_DYNAMIC_NO_PIC = NO;
				GCC_NO_COMMON_BLOCKS = YES;
				GCC_OPTIMIZATION_LEVEL = 0;
				GCC_PREPROCESSOR_DEFINITIONS = (
					"DEBUG=1",
					"$(inherited)",
				);
				GCC_WARN_64_TO_32_BIT_CONVERSION = YES;
				GCC_WARN_ABOUT_RETURN_TYPE = YES_ERROR;
				GCC_WARN_UNDECLARED_SELECTOR = YES;
				GCC_WARN_UNINITIALIZED_AUTOS = YES_AGGRESSIVE;
				GCC_WARN_UNUSED_FUNCTION = YES;
				GCC_WARN_UNUSED_VARIABLE = YES;
				IPHONEOS_DEPLOYMENT_TARGET = 10.3;
				MTL_ENABLE_DEBUG_INFO = YES;
				ONLY_ACTIVE_ARCH = YES;
				SDKROOT = iphoneos;
				SWIFT_ACTIVE_COMPILATION_CONDITIONS = DEBUG;
				SWIFT_OPTIMIZATION_LEVEL = "-Onone";
				TARGETED_DEVICE_FAMILY = "1,2";
			};
			name = Debug;
		};
		8DF6FE391EAFEBBB0007C9A8 /* Release */ = {
			isa = XCBuildConfiguration;
			buildSettings = {
				ALWAYS_SEARCH_USER_PATHS = NO;
				CLANG_ANALYZER_NONNULL = YES;
				CLANG_ANALYZER_NUMBER_OBJECT_CONVERSION = YES_AGGRESSIVE;
				CLANG_CXX_LANGUAGE_STANDARD = "gnu++0x";
				CLANG_CXX_LIBRARY = "libc++";
				CLANG_ENABLE_MODULES = YES;
				CLANG_ENABLE_OBJC_ARC = YES;
				CLANG_WARN_BOOL_CONVERSION = YES;
				CLANG_WARN_CONSTANT_CONVERSION = YES;
				CLANG_WARN_DIRECT_OBJC_ISA_USAGE = YES_ERROR;
				CLANG_WARN_DOCUMENTATION_COMMENTS = YES;
				CLANG_WARN_EMPTY_BODY = YES;
				CLANG_WARN_ENUM_CONVERSION = YES;
				CLANG_WARN_INFINITE_RECURSION = YES;
				CLANG_WARN_INT_CONVERSION = YES;
				CLANG_WARN_OBJC_ROOT_CLASS = YES_ERROR;
				CLANG_WARN_SUSPICIOUS_MOVE = YES;
				CLANG_WARN_UNREACHABLE_CODE = YES;
				CLANG_WARN__DUPLICATE_METHOD_MATCH = YES;
				"CODE_SIGN_IDENTITY[sdk=iphoneos*]" = "iPhone Developer";
				COPY_PHASE_STRIP = NO;
				DEBUG_INFORMATION_FORMAT = "dwarf-with-dsym";
				ENABLE_NS_ASSERTIONS = NO;
				ENABLE_STRICT_OBJC_MSGSEND = YES;
				GCC_C_LANGUAGE_STANDARD = gnu99;
				GCC_NO_COMMON_BLOCKS = YES;
				GCC_WARN_64_TO_32_BIT_CONVERSION = YES;
				GCC_WARN_ABOUT_RETURN_TYPE = YES_ERROR;
				GCC_WARN_UNDECLARED_SELECTOR = YES;
				GCC_WARN_UNINITIALIZED_AUTOS = YES_AGGRESSIVE;
				GCC_WARN_UNUSED_FUNCTION = YES;
				GCC_WARN_UNUSED_VARIABLE = YES;
				IPHONEOS_DEPLOYMENT_TARGET = 10.3;
				MTL_ENABLE_DEBUG_INFO = NO;
				SDKROOT = iphoneos;
				SWIFT_OPTIMIZATION_LEVEL = "-Owholemodule";
				TARGETED_DEVICE_FAMILY = "1,2";
				VALIDATE_PRODUCT = YES;
			};
			name = Release;
		};
		8DF6FE3B1EAFEBBB0007C9A8 /* Debug */ = {
			isa = XCBuildConfiguration;
			buildSettings = {
				ASSETCATALOG_COMPILER_APPICON_NAME = AppIcon;
				INFOPLIST_FILE = SampleAdd/Info.plist;
				LD_RUNPATH_SEARCH_PATHS = "$(inherited) @executable_path/Frameworks";
				PRODUCT_BUNDLE_IDENTIFIER = ExecutiveApp.SampleAdd;
				PRODUCT_NAME = "$(TARGET_NAME)";
				SWIFT_VERSION = 3.0;
			};
			name = Debug;
		};
		8DF6FE3C1EAFEBBB0007C9A8 /* Release */ = {
			isa = XCBuildConfiguration;
			buildSettings = {
				ASSETCATALOG_COMPILER_APPICON_NAME = AppIcon;
				INFOPLIST_FILE = SampleAdd/Info.plist;
				LD_RUNPATH_SEARCH_PATHS = "$(inherited) @executable_path/Frameworks";
				PRODUCT_BUNDLE_IDENTIFIER = ExecutiveApp.SampleAdd;
				PRODUCT_NAME = "$(TARGET_NAME)";
				SWIFT_VERSION = 3.0;
			};
			name = Release;
		};
		8DF6FE3E1EAFEBBB0007C9A8 /* Debug */ = {
			isa = XCBuildConfiguration;
			buildSettings = {
				ALWAYS_EMBED_SWIFT_STANDARD_LIBRARIES = YES;
				BUNDLE_LOADER = "$(TEST_HOST)";
				INFOPLIST_FILE = SampleAddTests/Info.plist;
				LD_RUNPATH_SEARCH_PATHS = "$(inherited) @executable_path/Frameworks @loader_path/Frameworks";
				PRODUCT_BUNDLE_IDENTIFIER = ExecutiveApp.SampleAddTests;
				PRODUCT_NAME = "$(TARGET_NAME)";
				SWIFT_VERSION = 3.0;
				TEST_HOST = "$(BUILT_PRODUCTS_DIR)/SampleAdd.app/SampleAdd";
			};
			name = Debug;
		};
		8DF6FE3F1EAFEBBB0007C9A8 /* Release */ = {
			isa = XCBuildConfiguration;
			buildSettings = {
				ALWAYS_EMBED_SWIFT_STANDARD_LIBRARIES = YES;
				BUNDLE_LOADER = "$(TEST_HOST)";
				INFOPLIST_FILE = SampleAddTests/Info.plist;
				LD_RUNPATH_SEARCH_PATHS = "$(inherited) @executable_path/Frameworks @loader_path/Frameworks";
				PRODUCT_BUNDLE_IDENTIFIER = ExecutiveApp.SampleAddTests;
				PRODUCT_NAME = "$(TARGET_NAME)";
				SWIFT_VERSION = 3.0;
				TEST_HOST = "$(BUILT_PRODUCTS_DIR)/SampleAdd.app/SampleAdd";
			};
			name = Release;
		};
		8DF6FE411EAFEBBB0007C9A8 /* Debug */ = {
			isa = XCBuildConfiguration;
			buildSettings = {
				ALWAYS_EMBED_SWIFT_STANDARD_LIBRARIES = YES;
				INFOPLIST_FILE = SampleAddUITests/Info.plist;
				LD_RUNPATH_SEARCH_PATHS = "$(inherited) @executable_path/Frameworks @loader_path/Frameworks";
				PRODUCT_BUNDLE_IDENTIFIER = ExecutiveApp.SampleAddUITests;
				PRODUCT_NAME = "$(TARGET_NAME)";
				SWIFT_VERSION = 3.0;
				TEST_TARGET_NAME = SampleAdd;
			};
			name = Debug;
		};
		8DF6FE421EAFEBBB0007C9A8 /* Release */ = {
			isa = XCBuildConfiguration;
			buildSettings = {
				ALWAYS_EMBED_SWIFT_STANDARD_LIBRARIES = YES;
				INFOPLIST_FILE = SampleAddUITests/Info.plist;
				LD_RUNPATH_SEARCH_PATHS = "$(inherited) @executable_path/Frameworks @loader_path/Frameworks";
				PRODUCT_BUNDLE_IDENTIFIER = ExecutiveApp.SampleAddUITests;
				PRODUCT_NAME = "$(TARGET_NAME)";
				SWIFT_VERSION = 3.0;
				TEST_TARGET_NAME = SampleAdd;
			};
			name = Release;
		};
/* End XCBuildConfiguration section */

/* Begin XCConfigurationList section */
		8DF6FE0D1EAFEBBB0007C9A8 /* Build configuration list for PBXProject "SampleAdd" */ = {
			isa = XCConfigurationList;
			buildConfigurations = (
				8DF6FE381EAFEBBB0007C9A8 /* Debug */,
				8DF6FE391EAFEBBB0007C9A8 /* Release */,
			);
			defaultConfigurationIsVisible = 0;
			defaultConfigurationName = Release;
		};
		8DF6FE3A1EAFEBBB0007C9A8 /* Build configuration list for PBXNativeTarget "SampleAdd" */ = {
			isa = XCConfigurationList;
			buildConfigurations = (
				8DF6FE3B1EAFEBBB0007C9A8 /* Debug */,
				8DF6FE3C1EAFEBBB0007C9A8 /* Release */,
			);
			defaultConfigurationIsVisible = 0;
		};
		8DF6FE3D1EAFEBBB0007C9A8 /* Build configuration list for PBXNativeTarget "SampleAddTests" */ = {
			isa = XCConfigurationList;
			buildConfigurations = (
				8DF6FE3E1EAFEBBB0007C9A8 /* Debug */,
				8DF6FE3F1EAFEBBB0007C9A8 /* Release */,
			);
			defaultConfigurationIsVisible = 0;
		};
		8DF6FE401EAFEBBB0007C9A8 /* Build configuration list for PBXNativeTarget "SampleAddUITests" */ = {
			isa = XCConfigurationList;
			buildConfigurations = (
				8DF6FE411EAFEBBB0007C9A8 /* Debug */,
				8DF6FE421EAFEBBB0007C9A8 /* Release */,
			);
			defaultConfigurationIsVisible = 0;
		};
/* End XCConfigurationList section */
	};
	rootObject = 8DF6FE0A1EAFEBBB0007C9A8 /* Project object */;
}
